// !$*UTF8*$!
{
	archiveVersion = 1;
	classes = {
	};
	objectVersion = 46;
	objects = {

/* Begin PBXBuildFile section */
		5D171D11143CD0690020BFF8 /* TwoKeyMutableDictionary.h in Headers */ = {isa = PBXBuildFile; fileRef = 5D171D0D143CD0690020BFF8 /* TwoKeyMutableDictionary.h */; settings = {ATTRIBUTES = (Public, ); }; };
		5D171D12143CD0690020BFF8 /* TwoKeyMutableDictionary.m in Sources */ = {isa = PBXBuildFile; fileRef = 5D171D0E143CD0690020BFF8 /* TwoKeyMutableDictionary.m */; };
		5D171D16143CD2670020BFF8 /* TwoKeyDictionaryFramework.h in Headers */ = {isa = PBXBuildFile; fileRef = 5D171D14143CD2670020BFF8 /* TwoKeyDictionaryFramework.h */; };
		5D171D17143CD2670020BFF8 /* TwoKeyDictionaryFramework.m in Sources */ = {isa = PBXBuildFile; fileRef = 5D171D15143CD2670020BFF8 /* TwoKeyDictionaryFramework.m */; };
		5D1C4E041438DFBF009141FE /* Cocoa.framework in Frameworks */ = {isa = PBXBuildFile; fileRef = 5D1C4E031438DFBF009141FE /* Cocoa.framework */; };
		5D1C4E0E1438DFBF009141FE /* InfoPlist.strings in Resources */ = {isa = PBXBuildFile; fileRef = 5D1C4E0C1438DFBF009141FE /* InfoPlist.strings */; };
		5D1C4E1A1438DFBF009141FE /* SenTestingKit.framework in Frameworks */ = {isa = PBXBuildFile; fileRef = 5D1C4E191438DFBF009141FE /* SenTestingKit.framework */; };
		5D1C4E1B1438DFBF009141FE /* Cocoa.framework in Frameworks */ = {isa = PBXBuildFile; fileRef = 5D1C4E031438DFBF009141FE /* Cocoa.framework */; };
		5D1C4E1E1438DFBF009141FE /* TwoKeyDictionaryFramework.framework in Frameworks */ = {isa = PBXBuildFile; fileRef = 5D1C4E001438DFBF009141FE /* TwoKeyDictionaryFramework.framework */; };
		5D1C4E241438DFBF009141FE /* InfoPlist.strings in Resources */ = {isa = PBXBuildFile; fileRef = 5D1C4E221438DFBF009141FE /* InfoPlist.strings */; };
		5D1C4E271438DFBF009141FE /* TwoKeyDictionaryFrameworkTests.m in Sources */ = {isa = PBXBuildFile; fileRef = 5D1C4E261438DFBF009141FE /* TwoKeyDictionaryFrameworkTests.m */; };
		5D37CE63145CCD98000F01DE /* TwoKeyDictionary.h in Headers */ = {isa = PBXBuildFile; fileRef = 5D37CE61145CCD98000F01DE /* TwoKeyDictionary.h */; };
		5D37CE64145CCD98000F01DE /* TwoKeyDictionary.m in Sources */ = {isa = PBXBuildFile; fileRef = 5D37CE62145CCD98000F01DE /* TwoKeyDictionary.m */; };
/* End PBXBuildFile section */

/* Begin PBXContainerItemProxy section */
		5D1C4E1C1438DFBF009141FE /* PBXContainerItemProxy */ = {
			isa = PBXContainerItemProxy;
			containerPortal = 5D1C4DF61438DFBF009141FE /* Project object */;
			proxyType = 1;
			remoteGlobalIDString = 5D1C4DFF1438DFBF009141FE;
			remoteInfo = TwoKeyDictionaryFramework;
		};
/* End PBXContainerItemProxy section */

/* Begin PBXFileReference section */
		5D171D0D143CD0690020BFF8 /* TwoKeyMutableDictionary.h */ = {isa = PBXFileReference; fileEncoding = 4; lastKnownFileType = sourcecode.c.h; path = TwoKeyMutableDictionary.h; sourceTree = "<group>"; };
		5D171D0E143CD0690020BFF8 /* TwoKeyMutableDictionary.m */ = {isa = PBXFileReference; fileEncoding = 4; lastKnownFileType = sourcecode.c.objc; path = TwoKeyMutableDictionary.m; sourceTree = "<group>"; };
		5D171D14143CD2670020BFF8 /* TwoKeyDictionaryFramework.h */ = {isa = PBXFileReference; fileEncoding = 4; lastKnownFileType = sourcecode.c.h; path = TwoKeyDictionaryFramework.h; sourceTree = "<group>"; };
		5D171D15143CD2670020BFF8 /* TwoKeyDictionaryFramework.m */ = {isa = PBXFileReference; fileEncoding = 4; lastKnownFileType = sourcecode.c.objc; path = TwoKeyDictionaryFramework.m; sourceTree = "<group>"; };
		5D1C4E001438DFBF009141FE /* TwoKeyDictionaryFramework.framework */ = {isa = PBXFileReference; explicitFileType = wrapper.framework; includeInIndex = 0; path = TwoKeyDictionaryFramework.framework; sourceTree = BUILT_PRODUCTS_DIR; };
		5D1C4E031438DFBF009141FE /* Cocoa.framework */ = {isa = PBXFileReference; lastKnownFileType = wrapper.framework; name = Cocoa.framework; path = System/Library/Frameworks/Cocoa.framework; sourceTree = SDKROOT; };
		5D1C4E061438DFBF009141FE /* AppKit.framework */ = {isa = PBXFileReference; lastKnownFileType = wrapper.framework; name = AppKit.framework; path = System/Library/Frameworks/AppKit.framework; sourceTree = SDKROOT; };
		5D1C4E071438DFBF009141FE /* CoreData.framework */ = {isa = PBXFileReference; lastKnownFileType = wrapper.framework; name = CoreData.framework; path = System/Library/Frameworks/CoreData.framework; sourceTree = SDKROOT; };
		5D1C4E081438DFBF009141FE /* Foundation.framework */ = {isa = PBXFileReference; lastKnownFileType = wrapper.framework; name = Foundation.framework; path = System/Library/Frameworks/Foundation.framework; sourceTree = SDKROOT; };
		5D1C4E0B1438DFBF009141FE /* TwoKeyDictionaryFramework-Info.plist */ = {isa = PBXFileReference; lastKnownFileType = text.plist.xml; path = "TwoKeyDictionaryFramework-Info.plist"; sourceTree = "<group>"; };
		5D1C4E0D1438DFBF009141FE /* en */ = {isa = PBXFileReference; lastKnownFileType = text.plist.strings; name = en; path = en.lproj/InfoPlist.strings; sourceTree = "<group>"; };
		5D1C4E0F1438DFBF009141FE /* TwoKeyDictionaryFramework-Prefix.pch */ = {isa = PBXFileReference; lastKnownFileType = sourcecode.c.h; path = "TwoKeyDictionaryFramework-Prefix.pch"; sourceTree = "<group>"; };
		5D1C4E181438DFBF009141FE /* TwoKeyDictionaryFrameworkTests.octest */ = {isa = PBXFileReference; explicitFileType = wrapper.cfbundle; includeInIndex = 0; path = TwoKeyDictionaryFrameworkTests.octest; sourceTree = BUILT_PRODUCTS_DIR; };
		5D1C4E191438DFBF009141FE /* SenTestingKit.framework */ = {isa = PBXFileReference; lastKnownFileType = wrapper.framework; name = SenTestingKit.framework; path = Library/Frameworks/SenTestingKit.framework; sourceTree = DEVELOPER_DIR; };
		5D1C4E211438DFBF009141FE /* TwoKeyDictionaryFrameworkTests-Info.plist */ = {isa = PBXFileReference; lastKnownFileType = text.plist.xml; path = "TwoKeyDictionaryFrameworkTests-Info.plist"; sourceTree = "<group>"; };
		5D1C4E231438DFBF009141FE /* en */ = {isa = PBXFileReference; lastKnownFileType = text.plist.strings; name = en; path = en.lproj/InfoPlist.strings; sourceTree = "<group>"; };
		5D1C4E251438DFBF009141FE /* TwoKeyDictionaryFrameworkTests.h */ = {isa = PBXFileReference; lastKnownFileType = sourcecode.c.h; path = TwoKeyDictionaryFrameworkTests.h; sourceTree = "<group>"; };
		5D1C4E261438DFBF009141FE /* TwoKeyDictionaryFrameworkTests.m */ = {isa = PBXFileReference; lastKnownFileType = sourcecode.c.objc; path = TwoKeyDictionaryFrameworkTests.m; sourceTree = "<group>"; };
		5D37CE61145CCD98000F01DE /* TwoKeyDictionary.h */ = {isa = PBXFileReference; fileEncoding = 4; lastKnownFileType = sourcecode.c.h; path = TwoKeyDictionary.h; sourceTree = "<group>"; };
		5D37CE62145CCD98000F01DE /* TwoKeyDictionary.m */ = {isa = PBXFileReference; fileEncoding = 4; lastKnownFileType = sourcecode.c.objc; path = TwoKeyDictionary.m; sourceTree = "<group>"; };
/* End PBXFileReference section */

/* Begin PBXFrameworksBuildPhase section */
		5D1C4DFC1438DFBF009141FE /* Frameworks */ = {
			isa = PBXFrameworksBuildPhase;
			buildActionMask = 2147483647;
			files = (
				5D1C4E041438DFBF009141FE /* Cocoa.framework in Frameworks */,
			);
			runOnlyForDeploymentPostprocessing = 0;
		};
		5D1C4E141438DFBF009141FE /* Frameworks */ = {
			isa = PBXFrameworksBuildPhase;
			buildActionMask = 2147483647;
			files = (
				5D1C4E1A1438DFBF009141FE /* SenTestingKit.framework in Frameworks */,
				5D1C4E1B1438DFBF009141FE /* Cocoa.framework in Frameworks */,
				5D1C4E1E1438DFBF009141FE /* TwoKeyDictionaryFramework.framework in Frameworks */,
			);
			runOnlyForDeploymentPostprocessing = 0;
		};
/* End PBXFrameworksBuildPhase section */

/* Begin PBXGroup section */
		5D1C4DF41438DFBF009141FE = {
			isa = PBXGroup;
			children = (
				5D1C4E091438DFBF009141FE /* TwoKeyDictionaryFramework */,
				5D1C4E1F1438DFBF009141FE /* TwoKeyDictionaryFrameworkTests */,
				5D1C4E021438DFBF009141FE /* Frameworks */,
				5D1C4E011438DFBF009141FE /* Products */,
			);
			sourceTree = "<group>";
		};
		5D1C4E011438DFBF009141FE /* Products */ = {
			isa = PBXGroup;
			children = (
				5D1C4E001438DFBF009141FE /* TwoKeyDictionaryFramework.framework */,
				5D1C4E181438DFBF009141FE /* TwoKeyDictionaryFrameworkTests.octest */,
			);
			name = Products;
			sourceTree = "<group>";
		};
		5D1C4E021438DFBF009141FE /* Frameworks */ = {
			isa = PBXGroup;
			children = (
				5D1C4E031438DFBF009141FE /* Cocoa.framework */,
				5D1C4E191438DFBF009141FE /* SenTestingKit.framework */,
				5D1C4E051438DFBF009141FE /* Other Frameworks */,
			);
			name = Frameworks;
			sourceTree = "<group>";
		};
		5D1C4E051438DFBF009141FE /* Other Frameworks */ = {
			isa = PBXGroup;
			children = (
				5D1C4E061438DFBF009141FE /* AppKit.framework */,
				5D1C4E071438DFBF009141FE /* CoreData.framework */,
				5D1C4E081438DFBF009141FE /* Foundation.framework */,
			);
			name = "Other Frameworks";
			sourceTree = "<group>";
		};
		5D1C4E091438DFBF009141FE /* TwoKeyDictionaryFramework */ = {
			isa = PBXGroup;
			children = (
				5D1C4E0A1438DFBF009141FE /* Supporting Files */,
				5D171D14143CD2670020BFF8 /* TwoKeyDictionaryFramework.h */,
				5D171D15143CD2670020BFF8 /* TwoKeyDictionaryFramework.m */,
				5D171D0D143CD0690020BFF8 /* TwoKeyMutableDictionary.h */,
				5D171D0E143CD0690020BFF8 /* TwoKeyMutableDictionary.m */,
				5D37CE61145CCD98000F01DE /* TwoKeyDictionary.h */,
				5D37CE62145CCD98000F01DE /* TwoKeyDictionary.m */,
			);
			path = TwoKeyDictionaryFramework;
			sourceTree = "<group>";
		};
		5D1C4E0A1438DFBF009141FE /* Supporting Files */ = {
			isa = PBXGroup;
			children = (
				5D1C4E0B1438DFBF009141FE /* TwoKeyDictionaryFramework-Info.plist */,
				5D1C4E0C1438DFBF009141FE /* InfoPlist.strings */,
				5D1C4E0F1438DFBF009141FE /* TwoKeyDictionaryFramework-Prefix.pch */,
			);
			name = "Supporting Files";
			sourceTree = "<group>";
		};
		5D1C4E1F1438DFBF009141FE /* TwoKeyDictionaryFrameworkTests */ = {
			isa = PBXGroup;
			children = (
				5D1C4E251438DFBF009141FE /* TwoKeyDictionaryFrameworkTests.h */,
				5D1C4E261438DFBF009141FE /* TwoKeyDictionaryFrameworkTests.m */,
				5D1C4E201438DFBF009141FE /* Supporting Files */,
			);
			path = TwoKeyDictionaryFrameworkTests;
			sourceTree = "<group>";
		};
		5D1C4E201438DFBF009141FE /* Supporting Files */ = {
			isa = PBXGroup;
			children = (
				5D1C4E211438DFBF009141FE /* TwoKeyDictionaryFrameworkTests-Info.plist */,
				5D1C4E221438DFBF009141FE /* InfoPlist.strings */,
			);
			name = "Supporting Files";
			sourceTree = "<group>";
		};
/* End PBXGroup section */

/* Begin PBXHeadersBuildPhase section */
		5D1C4DFD1438DFBF009141FE /* Headers */ = {
			isa = PBXHeadersBuildPhase;
			buildActionMask = 2147483647;
			files = (
				5D171D11143CD0690020BFF8 /* TwoKeyMutableDictionary.h in Headers */,
				5D171D16143CD2670020BFF8 /* TwoKeyDictionaryFramework.h in Headers */,
				5D37CE63145CCD98000F01DE /* TwoKeyDictionary.h in Headers */,
			);
			runOnlyForDeploymentPostprocessing = 0;
		};
/* End PBXHeadersBuildPhase section */

/* Begin PBXNativeTarget section */
		5D1C4DFF1438DFBF009141FE /* TwoKeyDictionaryFramework */ = {
			isa = PBXNativeTarget;
			buildConfigurationList = 5D1C4E2A1438DFBF009141FE /* Build configuration list for PBXNativeTarget "TwoKeyDictionaryFramework" */;
			buildPhases = (
				5D1C4DFB1438DFBF009141FE /* Sources */,
				5D1C4DFC1438DFBF009141FE /* Frameworks */,
				5D1C4DFD1438DFBF009141FE /* Headers */,
				5D1C4DFE1438DFBF009141FE /* Resources */,
			);
			buildRules = (
			);
			dependencies = (
			);
			name = TwoKeyDictionaryFramework;
			productName = TwoKeyDictionaryFramework;
			productReference = 5D1C4E001438DFBF009141FE /* TwoKeyDictionaryFramework.framework */;
			productType = "com.apple.product-type.framework";
		};
		5D1C4E171438DFBF009141FE /* TwoKeyDictionaryFrameworkTests */ = {
			isa = PBXNativeTarget;
			buildConfigurationList = 5D1C4E2D1438DFBF009141FE /* Build configuration list for PBXNativeTarget "TwoKeyDictionaryFrameworkTests" */;
			buildPhases = (
				5D1C4E131438DFBF009141FE /* Sources */,
				5D1C4E141438DFBF009141FE /* Frameworks */,
				5D1C4E151438DFBF009141FE /* Resources */,
				5D1C4E161438DFBF009141FE /* ShellScript */,
			);
			buildRules = (
			);
			dependencies = (
				5D1C4E1D1438DFBF009141FE /* PBXTargetDependency */,
			);
			name = TwoKeyDictionaryFrameworkTests;
			productName = TwoKeyDictionaryFrameworkTests;
			productReference = 5D1C4E181438DFBF009141FE /* TwoKeyDictionaryFrameworkTests.octest */;
			productType = "com.apple.product-type.bundle";
		};
/* End PBXNativeTarget section */

/* Begin PBXProject section */
		5D1C4DF61438DFBF009141FE /* Project object */ = {
			isa = PBXProject;
			attributes = {
				LastUpgradeCheck = 0420;
				ORGANIZATIONNAME = HomeForDerangedScientists;
			};
			buildConfigurationList = 5D1C4DF91438DFBF009141FE /* Build configuration list for PBXProject "TwoKeyDictionaryFramework" */;
			compatibilityVersion = "Xcode 3.2";
			developmentRegion = English;
			hasScannedForEncodings = 0;
			knownRegions = (
				en,
			);
			mainGroup = 5D1C4DF41438DFBF009141FE;
			productRefGroup = 5D1C4E011438DFBF009141FE /* Products */;
			projectDirPath = "";
			projectRoot = "";
			targets = (
				5D1C4DFF1438DFBF009141FE /* TwoKeyDictionaryFramework */,
				5D1C4E171438DFBF009141FE /* TwoKeyDictionaryFrameworkTests */,
			);
		};
/* End PBXProject section */

/* Begin PBXResourcesBuildPhase section */
		5D1C4DFE1438DFBF009141FE /* Resources */ = {
			isa = PBXResourcesBuildPhase;
			buildActionMask = 2147483647;
			files = (
				5D1C4E0E1438DFBF009141FE /* InfoPlist.strings in Resources */,
			);
			runOnlyForDeploymentPostprocessing = 0;
		};
		5D1C4E151438DFBF009141FE /* Resources */ = {
			isa = PBXResourcesBuildPhase;
			buildActionMask = 2147483647;
			files = (
				5D1C4E241438DFBF009141FE /* InfoPlist.strings in Resources */,
			);
			runOnlyForDeploymentPostprocessing = 0;
		};
/* End PBXResourcesBuildPhase section */

/* Begin PBXShellScriptBuildPhase section */
		5D1C4E161438DFBF009141FE /* ShellScript */ = {
			isa = PBXShellScriptBuildPhase;
			buildActionMask = 2147483647;
			files = (
			);
			inputPaths = (
			);
			outputPaths = (
			);
			runOnlyForDeploymentPostprocessing = 0;
			shellPath = /bin/sh;
			shellScript = "# Run the unit tests in this test bundle.\n\"${SYSTEM_DEVELOPER_DIR}/Tools/RunUnitTests\"\n";
		};
/* End PBXShellScriptBuildPhase section */

/* Begin PBXSourcesBuildPhase section */
		5D1C4DFB1438DFBF009141FE /* Sources */ = {
			isa = PBXSourcesBuildPhase;
			buildActionMask = 2147483647;
			files = (
				5D171D12143CD0690020BFF8 /* TwoKeyMutableDictionary.m in Sources */,
				5D171D17143CD2670020BFF8 /* TwoKeyDictionaryFramework.m in Sources */,
				5D37CE64145CCD98000F01DE /* TwoKeyDictionary.m in Sources */,
			);
			runOnlyForDeploymentPostprocessing = 0;
		};
		5D1C4E131438DFBF009141FE /* Sources */ = {
			isa = PBXSourcesBuildPhase;
			buildActionMask = 2147483647;
			files = (
				5D1C4E271438DFBF009141FE /* TwoKeyDictionaryFrameworkTests.m in Sources */,
			);
			runOnlyForDeploymentPostprocessing = 0;
		};
/* End PBXSourcesBuildPhase section */

/* Begin PBXTargetDependency section */
		5D1C4E1D1438DFBF009141FE /* PBXTargetDependency */ = {
			isa = PBXTargetDependency;
			target = 5D1C4DFF1438DFBF009141FE /* TwoKeyDictionaryFramework */;
			targetProxy = 5D1C4E1C1438DFBF009141FE /* PBXContainerItemProxy */;
		};
/* End PBXTargetDependency section */

/* Begin PBXVariantGroup section */
		5D1C4E0C1438DFBF009141FE /* InfoPlist.strings */ = {
			isa = PBXVariantGroup;
			children = (
				5D1C4E0D1438DFBF009141FE /* en */,
			);
			name = InfoPlist.strings;
			sourceTree = "<group>";
		};
		5D1C4E221438DFBF009141FE /* InfoPlist.strings */ = {
			isa = PBXVariantGroup;
			children = (
				5D1C4E231438DFBF009141FE /* en */,
			);
			name = InfoPlist.strings;
			sourceTree = "<group>";
		};
/* End PBXVariantGroup section */

/* Begin XCBuildConfiguration section */
		5D1C4E281438DFBF009141FE /* Debug */ = {
			isa = XCBuildConfiguration;
			buildSettings = {
				ALWAYS_SEARCH_USER_PATHS = NO;
				ARCHS = "$(ARCHS_STANDARD_64_BIT)";
				CLANG_ENABLE_OBJC_ARC = YES;
				COPY_PHASE_STRIP = NO;
				GCC_C_LANGUAGE_STANDARD = gnu99;
				GCC_DYNAMIC_NO_PIC = NO;
				GCC_ENABLE_OBJC_EXCEPTIONS = YES;
				GCC_OPTIMIZATION_LEVEL = 0;
				GCC_PREPROCESSOR_DEFINITIONS = (
					"DEBUG=1",
					"$(inherited)",
				);
				GCC_SYMBOLS_PRIVATE_EXTERN = NO;
				GCC_VERSION = com.apple.compilers.llvm.clang.1_0;
				GCC_WARN_64_TO_32_BIT_CONVERSION = YES;
				GCC_WARN_ABOUT_MISSING_PROTOTYPES = YES;
				GCC_WARN_ABOUT_RETURN_TYPE = YES;
				GCC_WARN_UNUSED_VARIABLE = YES;
				MACOSX_DEPLOYMENT_TARGET = 10.7;
				ONLY_ACTIVE_ARCH = YES;
				SDKROOT = macosx;
			};
			name = Debug;
		};
		5D1C4E291438DFBF009141FE /* Release */ = {
			isa = XCBuildConfiguration;
			buildSettings = {
				ALWAYS_SEARCH_USER_PATHS = NO;
				ARCHS = "$(ARCHS_STANDARD_64_BIT)";
				CLANG_ENABLE_OBJC_ARC = YES;
				COPY_PHASE_STRIP = YES;
				DEBUG_INFORMATION_FORMAT = "dwarf-with-dsym";
				GCC_C_LANGUAGE_STANDARD = gnu99;
				GCC_ENABLE_OBJC_EXCEPTIONS = YES;
				GCC_VERSION = com.apple.compilers.llvm.clang.1_0;
				GCC_WARN_64_TO_32_BIT_CONVERSION = YES;
				GCC_WARN_ABOUT_MISSING_PROTOTYPES = YES;
				GCC_WARN_ABOUT_RETURN_TYPE = YES;
				GCC_WARN_UNUSED_VARIABLE = YES;
				MACOSX_DEPLOYMENT_TARGET = 10.7;
				SDKROOT = macosx;
			};
			name = Release;
		};
		5D1C4E2B1438DFBF009141FE /* Debug */ = {
			isa = XCBuildConfiguration;
			buildSettings = {
				DYLIB_COMPATIBILITY_VERSION = 1;
				DYLIB_CURRENT_VERSION = 1;
				FRAMEWORK_VERSION = A;
				GCC_PRECOMPILE_PREFIX_HEADER = YES;
				GCC_PREFIX_HEADER = "TwoKeyDictionaryFramework/TwoKeyDictionaryFramework-Prefix.pch";
				INFOPLIST_FILE = "TwoKeyDictionaryFramework/TwoKeyDictionaryFramework-Info.plist";
				INSTALL_PATH = "@executable_path/../Frameworks";
				PRODUCT_NAME = "$(TARGET_NAME)";
				WRAPPER_EXTENSION = framework;
			};
			name = Debug;
		};
		5D1C4E2C1438DFBF009141FE /* Release */ = {
			isa = XCBuildConfiguration;
			buildSettings = {
				DYLIB_COMPATIBILITY_VERSION = 1;
				DYLIB_CURRENT_VERSION = 1;
				FRAMEWORK_VERSION = A;
				GCC_PRECOMPILE_PREFIX_HEADER = YES;
				GCC_PREFIX_HEADER = "TwoKeyDictionaryFramework/TwoKeyDictionaryFramework-Prefix.pch";
				INFOPLIST_FILE = "TwoKeyDictionaryFramework/TwoKeyDictionaryFramework-Info.plist";
				INSTALL_PATH = "@executable_path/../Frameworks";
				PRODUCT_NAME = "$(TARGET_NAME)";
				WRAPPER_EXTENSION = framework;
			};
			name = Release;
		};
		5D1C4E2E1438DFBF009141FE /* Debug */ = {
			isa = XCBuildConfiguration;
			buildSettings = {
				FRAMEWORK_SEARCH_PATHS = "$(DEVELOPER_LIBRARY_DIR)/Frameworks";
				GCC_PRECOMPILE_PREFIX_HEADER = YES;
				GCC_PREFIX_HEADER = "TwoKeyDictionaryFramework/TwoKeyDictionaryFramework-Prefix.pch";
				INFOPLIST_FILE = "TwoKeyDictionaryFrameworkTests/TwoKeyDictionaryFrameworkTests-Info.plist";
				PRODUCT_NAME = "$(TARGET_NAME)";
				WRAPPER_EXTENSION = octest;
			};
			name = Debug;
		};
		5D1C4E2F1438DFBF009141FE /* Release */ = {
			isa = XCBuildConfiguration;
			buildSettings = {
				FRAMEWORK_SEARCH_PATHS = "$(DEVELOPER_LIBRARY_DIR)/Frameworks";
				GCC_PRECOMPILE_PREFIX_HEADER = YES;
				GCC_PREFIX_HEADER = "TwoKeyDictionaryFramework/TwoKeyDictionaryFramework-Prefix.pch";
				INFOPLIST_FILE = "TwoKeyDictionaryFrameworkTests/TwoKeyDictionaryFrameworkTests-Info.plist";
				PRODUCT_NAME = "$(TARGET_NAME)";
				WRAPPER_EXTENSION = octest;
			};
			name = Release;
		};
/* End XCBuildConfiguration section */

/* Begin XCConfigurationList section */
		5D1C4DF91438DFBF009141FE /* Build configuration list for PBXProject "TwoKeyDictionaryFramework" */ = {
			isa = XCConfigurationList;
			buildConfigurations = (
				5D1C4E281438DFBF009141FE /* Debug */,
				5D1C4E291438DFBF009141FE /* Release */,
			);
			defaultConfigurationIsVisible = 0;
			defaultConfigurationName = Release;
		};
		5D1C4E2A1438DFBF009141FE /* Build configuration list for PBXNativeTarget "TwoKeyDictionaryFramework" */ = {
			isa = XCConfigurationList;
			buildConfigurations = (
				5D1C4E2B1438DFBF009141FE /* Debug */,
				5D1C4E2C1438DFBF009141FE /* Release */,
			);
			defaultConfigurationIsVisible = 0;
			defaultConfigurationName = Release;
		};
		5D1C4E2D1438DFBF009141FE /* Build configuration list for PBXNativeTarget "TwoKeyDictionaryFrameworkTests" */ = {
			isa = XCConfigurationList;
			buildConfigurations = (
				5D1C4E2E1438DFBF009141FE /* Debug */,
				5D1C4E2F1438DFBF009141FE /* Release */,
			);
			defaultConfigurationIsVisible = 0;
			defaultConfigurationName = Release;
		};
/* End XCConfigurationList section */
	};
	rootObject = 5D1C4DF61438DFBF009141FE /* Project object */;
}
